{
  "version": 4,
  "terraform_version": "1.7.3",
  "serial": 11,
  "lineage": "f412fc0c-3613-5409-3795-46680f4cd494",
  "outputs": {},
  "resources": [
    {
      "mode": "data",
      "type": "archive_file",
      "name": "lambda_function_file",
      "provider": "provider[\"registry.terraform.io/hashicorp/archive\"]",
      "instances": [
        {
          "schema_version": 0,
          "attributes": {
            "exclude_symlink_directories": null,
            "excludes": null,
            "id": "08d27b74795940407ed518bf18d8102723b33ac3",
            "output_base64sha256": "yg/8VxHCPigMyKZ1kxTeA9CEtmBmWNHm1hQl2ZnRRa8=",
            "output_base64sha512": "/Iw0mtxgsVNc/Vb1IVWdW61ZGYeL0gLSssEnBuJJGzT4V/5IzFn8nru/SY5NG8zTiRsT9kbc3nzCigo+Gn1UMA==",
            "output_file_mode": null,
            "output_md5": "1b0e647ac1ed340888250466fb8ac6fc",
            "output_path": "./upload/lambda_function.zip",
            "output_sha": "08d27b74795940407ed518bf18d8102723b33ac3",
            "output_sha256": "ca0ffc5711c23e280cc8a6759314de03d084b6606658d1e6d61425d999d145af",
            "output_sha512": "fc8c349adc60b1535cfd56f521559d5bad5919878bd202d2b2c12706e2491b34f857fe48cc59fc9ebbbf498e4d1bccd3891b13f646dcde7cc28a0a3e1a7d5430",
            "output_size": 903,
            "source": [],
            "source_content": null,
            "source_content_filename": null,
            "source_dir": "./src/",
            "source_file": null,
            "type": "zip"
          },
          "sensitive_attributes": []
        }
      ]
    },
    {
      "mode": "managed",
      "type": "aws_dynamodb_table",
      "name": "gang_of_straw",
      "provider": "provider[\"registry.terraform.io/hashicorp/aws\"]",
      "instances": [
        {
          "schema_version": 1,
          "attributes": {
            "arn": "arn:aws:dynamodb:ap-northeast-1:940749463724:table/gang_of_straw",
            "attribute": [
              {
                "name": "bounty",
                "type": "S"
              },
              {
                "name": "name",
                "type": "S"
              }
            ],
            "billing_mode": "PROVISIONED",
            "deletion_protection_enabled": false,
            "global_secondary_index": [],
            "hash_key": "name",
            "id": "gang_of_straw",
            "import_table": [],
            "local_secondary_index": [],
            "name": "gang_of_straw",
            "point_in_time_recovery": [
              {
                "enabled": false
              }
            ],
            "range_key": "bounty",
            "read_capacity": 20,
            "replica": [],
            "restore_date_time": null,
            "restore_source_name": null,
            "restore_to_latest_time": null,
            "server_side_encryption": [],
            "stream_arn": "",
            "stream_enabled": false,
            "stream_label": "",
            "stream_view_type": "",
            "table_class": "STANDARD",
            "tags": {},
            "tags_all": {},
            "timeouts": null,
            "ttl": [
              {
                "attribute_name": "",
                "enabled": false
              }
            ],
            "write_capacity": 20
          },
          "sensitive_attributes": [],
          "private": "eyJlMmJmYjczMC1lY2FhLTExZTYtOGY4OC0zNDM2M2JjN2M0YzAiOnsiY3JlYXRlIjoxODAwMDAwMDAwMDAwLCJkZWxldGUiOjYwMDAwMDAwMDAwMCwidXBkYXRlIjozNjAwMDAwMDAwMDAwfSwic2NoZW1hX3ZlcnNpb24iOiIxIn0="
        }
      ]
    },
    {
      "mode": "managed",
      "type": "aws_iam_role",
      "name": "dynamodb_read_only",
      "provider": "provider[\"registry.terraform.io/hashicorp/aws\"]",
      "instances": [
        {
          "schema_version": 0,
          "attributes": {
            "arn": "arn:aws:iam::940749463724:role/dynamodb_read_only",
            "assume_role_policy": "{\"Statement\":[{\"Action\":\"sts:AssumeRole\",\"Effect\":\"Allow\",\"Principal\":{\"Service\":\"lambda.amazonaws.com\"}}],\"Version\":\"2012-10-17\"}",
            "create_date": "2024-02-27T13:19:13Z",
            "description": "",
            "force_detach_policies": false,
            "id": "dynamodb_read_only",
            "inline_policy": [],
            "managed_policy_arns": [
              "arn:aws:iam::aws:policy/AmazonDynamoDBReadOnlyAccess",
              "arn:aws:iam::aws:policy/service-role/AWSLambdaBasicExecutionRole"
            ],
            "max_session_duration": 3600,
            "name": "dynamodb_read_only",
            "name_prefix": "",
            "path": "/",
            "permissions_boundary": "",
            "tags": {},
            "tags_all": {},
            "unique_id": "AROA5WCIJUCWCHTEADMOE"
          },
          "sensitive_attributes": [],
          "private": "bnVsbA=="
        }
      ]
    },
    {
      "mode": "managed",
      "type": "aws_iam_role_policy_attachment",
      "name": "cloudwatch_log_writing_permit",
      "provider": "provider[\"registry.terraform.io/hashicorp/aws\"]",
      "instances": [
        {
          "schema_version": 0,
          "attributes": {
            "id": "dynamodb_read_only-20240227131915227600000001",
            "policy_arn": "arn:aws:iam::aws:policy/service-role/AWSLambdaBasicExecutionRole",
            "role": "dynamodb_read_only"
          },
          "sensitive_attributes": [],
          "private": "bnVsbA==",
          "dependencies": [
            "aws_iam_role.dynamodb_read_only"
          ]
        }
      ]
    },
    {
      "mode": "managed",
      "type": "aws_iam_role_policy_attachment",
      "name": "dynamodb_reading_permit",
      "provider": "provider[\"registry.terraform.io/hashicorp/aws\"]",
      "instances": [
        {
          "schema_version": 0,
          "attributes": {
            "id": "dynamodb_read_only-20240227131915512900000002",
            "policy_arn": "arn:aws:iam::aws:policy/AmazonDynamoDBReadOnlyAccess",
            "role": "dynamodb_read_only"
          },
          "sensitive_attributes": [],
          "private": "bnVsbA==",
          "dependencies": [
            "aws_iam_role.dynamodb_read_only"
          ]
        }
      ]
    },
    {
      "mode": "managed",
      "type": "aws_lambda_function",
      "name": "get_gang_info",
      "provider": "provider[\"registry.terraform.io/hashicorp/aws\"]",
      "instances": [
        {
          "schema_version": 0,
          "attributes": {
            "architectures": [
              "x86_64"
            ],
            "arn": "arn:aws:lambda:ap-northeast-1:940749463724:function:get_gang_info",
            "code_signing_config_arn": "",
            "dead_letter_config": [],
            "description": "",
            "environment": [
              {
                "variables": {
                  "TABLE_NAME": "gang_of_straw"
                }
              }
            ],
            "ephemeral_storage": [
              {
                "size": 512
              }
            ],
            "file_system_config": [],
            "filename": "./upload/lambda_function.zip",
            "function_name": "get_gang_info",
            "handler": "lambda_function_file.lambda_function",
            "id": "get_gang_info",
            "image_config": [],
            "image_uri": "",
            "invoke_arn": "arn:aws:apigateway:ap-northeast-1:lambda:path/2015-03-31/functions/arn:aws:lambda:ap-northeast-1:940749463724:function:get_gang_info/invocations",
            "kms_key_arn": "",
            "last_modified": "2024-02-29T11:19:57.129+0000",
            "layers": null,
            "logging_config": [
              {
                "application_log_level": "",
                "log_format": "Text",
                "log_group": "/aws/lambda/get_gang_info",
                "system_log_level": ""
              }
            ],
            "memory_size": 128,
            "package_type": "Zip",
            "publish": false,
            "qualified_arn": "arn:aws:lambda:ap-northeast-1:940749463724:function:get_gang_info:$LATEST",
            "qualified_invoke_arn": "arn:aws:apigateway:ap-northeast-1:lambda:path/2015-03-31/functions/arn:aws:lambda:ap-northeast-1:940749463724:function:get_gang_info:$LATEST/invocations",
            "replace_security_groups_on_destroy": null,
            "replacement_security_group_ids": null,
            "reserved_concurrent_executions": -1,
            "role": "arn:aws:iam::940749463724:role/dynamodb_read_only",
            "runtime": "python3.12",
            "s3_bucket": null,
            "s3_key": null,
            "s3_object_version": null,
            "signing_job_arn": "",
            "signing_profile_version_arn": "",
            "skip_destroy": false,
            "snap_start": [],
            "source_code_hash": "yg/8VxHCPigMyKZ1kxTeA9CEtmBmWNHm1hQl2ZnRRa8=",
            "source_code_size": 903,
            "tags": null,
            "tags_all": {},
            "timeout": 29,
            "timeouts": null,
            "tracing_config": [
              {
                "mode": "PassThrough"
              }
            ],
            "version": "$LATEST",
            "vpc_config": []
          },
          "sensitive_attributes": [],
          "private": "eyJlMmJmYjczMC1lY2FhLTExZTYtOGY4OC0zNDM2M2JjN2M0YzAiOnsiY3JlYXRlIjo2MDAwMDAwMDAwMDAsImRlbGV0ZSI6NjAwMDAwMDAwMDAwLCJ1cGRhdGUiOjYwMDAwMDAwMDAwMH19",
          "dependencies": [
            "aws_dynamodb_table.gang_of_straw",
            "aws_iam_role.dynamodb_read_only",
            "data.archive_file.lambda_function_file"
          ]
        }
      ]
    }
  ],
  "check_results": null
}
